
Microsoft Visual Studio Solution File, Format Version 12.00
# Visual Studio 15
VisualStudioVersion = 15.0.28307.1000
MinimumVisualStudioVersion = 10.0.40219.1
Project("{FAE04EC0-301F-11D3-BF4B-00C04F79EFBC}") = "Sales.Android", "Sales\Sales.Android\Sales.Android.csproj", "{518843A2-73C8-43C0-BBE6-03D6C37E3830}"
EndProject
Project("{FAE04EC0-301F-11D3-BF4B-00C04F79EFBC}") = "Sales.iOS", "Sales\Sales.iOS\Sales.iOS.csproj", "{8C334906-0054-4C75-968A-9141BE664F7C}"
EndProject
Project("{9A19103F-16F7-4668-BE54-9A1E7A4F7556}") = "Sales", "Sales\Sales\Sales.csproj", "{2B5E3755-CAFD-41FD-828F-D6D5618B93BA}"
EndProject
Project("{FAE04EC0-301F-11D3-BF4B-00C04F79EFBC}") = "Sales.Backend", "Sales.Backend\Sales.Backend.csproj", "{F5966BC5-1289-4E94-8B11-AF178E0F7FCC}"
EndProject
Project("{FAE04EC0-301F-11D3-BF4B-00C04F79EFBC}") = "Sales.API", "Sales.API\Sales.API.csproj", "{AFD0EC8C-2BC9-491D-8EE5-08D60AC8CB3A}"
EndProject
Project("{FAE04EC0-301F-11D3-BF4B-00C04F79EFBC}") = "Sales.Domain", "Sales.Domain\Sales.Domain.csproj", "{F26E2F81-CCEE-40FD-807B-30A82159A1A0}"
EndProject
Project("{FAE04EC0-301F-11D3-BF4B-00C04F79EFBC}") = "Sales.Common", "Sales.Common\Sales.Common.csproj", "{F82A9BD9-0040-4709-8CBD-0283F7914737}"
EndProject
Global
	GlobalSection(SolutionConfigurationPlatforms) = preSolution
		Ad-Hoc|Any CPU = Ad-Hoc|Any CPU
		Ad-Hoc|iPhone = Ad-Hoc|iPhone
		Ad-Hoc|iPhoneSimulator = Ad-Hoc|iPhoneSimulator
		AppStore|Any CPU = AppStore|Any CPU
		AppStore|iPhone = AppStore|iPhone
		AppStore|iPhoneSimulator = AppStore|iPhoneSimulator
		Debug|Any CPU = Debug|Any CPU
		Debug|iPhone = Debug|iPhone
		Debug|iPhoneSimulator = Debug|iPhoneSimulator
		Release|Any CPU = Release|Any CPU
		Release|iPhone = Release|iPhone
		Release|iPhoneSimulator = Release|iPhoneSimulator
	EndGlobalSection
	GlobalSection(ProjectConfigurationPlatforms) = postSolution
		{518843A2-73C8-43C0-BBE6-03D6C37E3830}.Ad-Hoc|Any CPU.ActiveCfg = Release|Any CPU
		{518843A2-73C8-43C0-BBE6-03D6C37E3830}.Ad-Hoc|Any CPU.Build.0 = Release|Any CPU
		{518843A2-73C8-43C0-BBE6-03D6C37E3830}.Ad-Hoc|Any CPU.Deploy.0 = Release|Any CPU
		{518843A2-73C8-43C0-BBE6-03D6C37E3830}.Ad-Hoc|iPhone.ActiveCfg = Release|Any CPU
		{518843A2-73C8-43C0-BBE6-03D6C37E3830}.Ad-Hoc|iPhone.Build.0 = Release|Any CPU
		{518843A2-73C8-43C0-BBE6-03D6C37E3830}.Ad-Hoc|iPhone.Deploy.0 = Release|Any CPU
		{518843A2-73C8-43C0-BBE6-03D6C37E3830}.Ad-Hoc|iPhoneSimulator.ActiveCfg = Release|Any CPU
		{518843A2-73C8-43C0-BBE6-03D6C37E3830}.Ad-Hoc|iPhoneSimulator.Build.0 = Release|Any CPU
		{518843A2-73C8-43C0-BBE6-03D6C37E3830}.Ad-Hoc|iPhoneSimulator.Deploy.0 = Release|Any CPU
		{518843A2-73C8-43C0-BBE6-03D6C37E3830}.AppStore|Any CPU.ActiveCfg = Release|Any CPU
		{518843A2-73C8-43C0-BBE6-03D6C37E3830}.AppStore|Any CPU.Build.0 = Release|Any CPU
		{518843A2-73C8-43C0-BBE6-03D6C37E3830}.AppStore|Any CPU.Deploy.0 = Release|Any CPU
		{518843A2-73C8-43C0-BBE6-03D6C37E3830}.AppStore|iPhone.ActiveCfg = Release|Any CPU
		{518843A2-73C8-43C0-BBE6-03D6C37E3830}.AppStore|iPhone.Build.0 = Release|Any CPU
		{518843A2-73C8-43C0-BBE6-03D6C37E3830}.AppStore|iPhone.Deploy.0 = Release|Any CPU
		{518843A2-73C8-43C0-BBE6-03D6C37E3830}.AppStore|iPhoneSimulator.ActiveCfg = Release|Any CPU
		{518843A2-73C8-43C0-BBE6-03D6C37E3830}.AppStore|iPhoneSimulator.Build.0 = Release|Any CPU
		{518843A2-73C8-43C0-BBE6-03D6C37E3830}.AppStore|iPhoneSimulator.Deploy.0 = Release|Any CPU
		{518843A2-73C8-43C0-BBE6-03D6C37E3830}.Debug|Any CPU.ActiveCfg = Debug|Any CPU
		{518843A2-73C8-43C0-BBE6-03D6C37E3830}.Debug|Any CPU.Build.0 = Debug|Any CPU
		{518843A2-73C8-43C0-BBE6-03D6C37E3830}.Debug|Any CPU.Deploy.0 = Debug|Any CPU
		{518843A2-73C8-43C0-BBE6-03D6C37E3830}.Debug|iPhone.ActiveCfg = Debug|Any CPU
		{518843A2-73C8-43C0-BBE6-03D6C37E3830}.Debug|iPhone.Build.0 = Debug|Any CPU
		{518843A2-73C8-43C0-BBE6-03D6C37E3830}.Debug|iPhone.Deploy.0 = Debug|Any CPU
		{518843A2-73C8-43C0-BBE6-03D6C37E3830}.Debug|iPhoneSimulator.ActiveCfg = Debug|Any CPU
		{518843A2-73C8-43C0-BBE6-03D6C37E3830}.Debug|iPhoneSimulator.Build.0 = Debug|Any CPU
		{518843A2-73C8-43C0-BBE6-03D6C37E3830}.Debug|iPhoneSimulator.Deploy.0 = Debug|Any CPU
		{518843A2-73C8-43C0-BBE6-03D6C37E3830}.Release|Any CPU.ActiveCfg = Release|Any CPU
		{518843A2-73C8-43C0-BBE6-03D6C37E3830}.Release|Any CPU.Build.0 = Release|Any CPU
		{518843A2-73C8-43C0-BBE6-03D6C37E3830}.Release|Any CPU.Deploy.0 = Release|Any CPU
		{518843A2-73C8-43C0-BBE6-03D6C37E3830}.Release|iPhone.ActiveCfg = Release|Any CPU
		{518843A2-73C8-43C0-BBE6-03D6C37E3830}.Release|iPhone.Build.0 = Release|Any CPU
		{518843A2-73C8-43C0-BBE6-03D6C37E3830}.Release|iPhone.Deploy.0 = Release|Any CPU
		{518843A2-73C8-43C0-BBE6-03D6C37E3830}.Release|iPhoneSimulator.ActiveCfg = Release|Any CPU
		{518843A2-73C8-43C0-BBE6-03D6C37E3830}.Release|iPhoneSimulator.Build.0 = Release|Any CPU
		{518843A2-73C8-43C0-BBE6-03D6C37E3830}.Release|iPhoneSimulator.Deploy.0 = Release|Any CPU
		{8C334906-0054-4C75-968A-9141BE664F7C}.Ad-Hoc|Any CPU.ActiveCfg = Ad-Hoc|iPhone
		{8C334906-0054-4C75-968A-9141BE664F7C}.Ad-Hoc|Any CPU.Build.0 = Ad-Hoc|iPhone
		{8C334906-0054-4C75-968A-9141BE664F7C}.Ad-Hoc|Any CPU.Deploy.0 = Ad-Hoc|iPhone
		{8C334906-0054-4C75-968A-9141BE664F7C}.Ad-Hoc|iPhone.ActiveCfg = Ad-Hoc|iPhone
		{8C334906-0054-4C75-968A-9141BE664F7C}.Ad-Hoc|iPhone.Build.0 = Ad-Hoc|iPhone
		{8C334906-0054-4C75-968A-9141BE664F7C}.Ad-Hoc|iPhone.Deploy.0 = Ad-Hoc|iPhone
		{8C334906-0054-4C75-968A-9141BE664F7C}.Ad-Hoc|iPhoneSimulator.ActiveCfg = Ad-Hoc|iPhoneSimulator
		{8C334906-0054-4C75-968A-9141BE664F7C}.Ad-Hoc|iPhoneSimulator.Build.0 = Ad-Hoc|iPhoneSimulator
		{8C334906-0054-4C75-968A-9141BE664F7C}.Ad-Hoc|iPhoneSimulator.Deploy.0 = Ad-Hoc|iPhoneSimulator
		{8C334906-0054-4C75-968A-9141BE664F7C}.AppStore|Any CPU.ActiveCfg = AppStore|iPhone
		{8C334906-0054-4C75-968A-9141BE664F7C}.AppStore|Any CPU.Build.0 = AppStore|iPhone
		{8C334906-0054-4C75-968A-9141BE664F7C}.AppStore|Any CPU.Deploy.0 = AppStore|iPhone
		{8C334906-0054-4C75-968A-9141BE664F7C}.AppStore|iPhone.ActiveCfg = AppStore|iPhone
		{8C334906-0054-4C75-968A-9141BE664F7C}.AppStore|iPhone.Build.0 = AppStore|iPhone
		{8C334906-0054-4C75-968A-9141BE664F7C}.AppStore|iPhone.Deploy.0 = AppStore|iPhone
		{8C334906-0054-4C75-968A-9141BE664F7C}.AppStore|iPhoneSimulator.ActiveCfg = AppStore|iPhoneSimulator
		{8C334906-0054-4C75-968A-9141BE664F7C}.AppStore|iPhoneSimulator.Build.0 = AppStore|iPhoneSimulator
		{8C334906-0054-4C75-968A-9141BE664F7C}.AppStore|iPhoneSimulator.Deploy.0 = AppStore|iPhoneSimulator
		{8C334906-0054-4C75-968A-9141BE664F7C}.Debug|Any CPU.ActiveCfg = Debug|iPhoneSimulator
		{8C334906-0054-4C75-968A-9141BE664F7C}.Debug|Any CPU.Build.0 = Debug|iPhoneSimulator
		{8C334906-0054-4C75-968A-9141BE664F7C}.Debug|Any CPU.Deploy.0 = Debug|iPhoneSimulator
		{8C334906-0054-4C75-968A-9141BE664F7C}.Debug|iPhone.ActiveCfg = Debug|iPhone
		{8C334906-0054-4C75-968A-9141BE664F7C}.Debug|iPhone.Build.0 = Debug|iPhone
		{8C334906-0054-4C75-968A-9141BE664F7C}.Debug|iPhone.Deploy.0 = Debug|iPhone
		{8C334906-0054-4C75-968A-9141BE664F7C}.Debug|iPhoneSimulator.ActiveCfg = Debug|iPhoneSimulator
		{8C334906-0054-4C75-968A-9141BE664F7C}.Debug|iPhoneSimulator.Build.0 = Debug|iPhoneSimulator
		{8C334906-0054-4C75-968A-9141BE664F7C}.Debug|iPhoneSimulator.Deploy.0 = Debug|iPhoneSimulator
		{8C334906-0054-4C75-968A-9141BE664F7C}.Release|Any CPU.ActiveCfg = Release|iPhone
		{8C334906-0054-4C75-968A-9141BE664F7C}.Release|Any CPU.Build.0 = Release|iPhone
		{8C334906-0054-4C75-968A-9141BE664F7C}.Release|Any CPU.Deploy.0 = Release|iPhone
		{8C334906-0054-4C75-968A-9141BE664F7C}.Release|iPhone.ActiveCfg = Release|iPhone
		{8C334906-0054-4C75-968A-9141BE664F7C}.Release|iPhone.Build.0 = Release|iPhone
		{8C334906-0054-4C75-968A-9141BE664F7C}.Release|iPhone.Deploy.0 = Release|iPhone
		{8C334906-0054-4C75-968A-9141BE664F7C}.Release|iPhoneSimulator.ActiveCfg = Release|iPhoneSimulator
		{8C334906-0054-4C75-968A-9141BE664F7C}.Release|iPhoneSimulator.Build.0 = Release|iPhoneSimulator
		{8C334906-0054-4C75-968A-9141BE664F7C}.Release|iPhoneSimulator.Deploy.0 = Release|iPhoneSimulator
		{2B5E3755-CAFD-41FD-828F-D6D5618B93BA}.Ad-Hoc|Any CPU.ActiveCfg = Debug|Any CPU
		{2B5E3755-CAFD-41FD-828F-D6D5618B93BA}.Ad-Hoc|Any CPU.Build.0 = Debug|Any CPU
		{2B5E3755-CAFD-41FD-828F-D6D5618B93BA}.Ad-Hoc|Any CPU.Deploy.0 = Debug|Any CPU
		{2B5E3755-CAFD-41FD-828F-D6D5618B93BA}.Ad-Hoc|iPhone.ActiveCfg = Debug|Any CPU
		{2B5E3755-CAFD-41FD-828F-D6D5618B93BA}.Ad-Hoc|iPhone.Build.0 = Debug|Any CPU
		{2B5E3755-CAFD-41FD-828F-D6D5618B93BA}.Ad-Hoc|iPhone.Deploy.0 = Debug|Any CPU
		{2B5E3755-CAFD-41FD-828F-D6D5618B93BA}.Ad-Hoc|iPhoneSimulator.ActiveCfg = Debug|Any CPU
		{2B5E3755-CAFD-41FD-828F-D6D5618B93BA}.Ad-Hoc|iPhoneSimulator.Build.0 = Debug|Any CPU
		{2B5E3755-CAFD-41FD-828F-D6D5618B93BA}.Ad-Hoc|iPhoneSimulator.Deploy.0 = Debug|Any CPU
		{2B5E3755-CAFD-41FD-828F-D6D5618B93BA}.AppStore|Any CPU.ActiveCfg = Debug|Any CPU
		{2B5E3755-CAFD-41FD-828F-D6D5618B93BA}.AppStore|Any CPU.Build.0 = Debug|Any CPU
		{2B5E3755-CAFD-41FD-828F-D6D5618B93BA}.AppStore|Any CPU.Deploy.0 = Debug|Any CPU
		{2B5E3755-CAFD-41FD-828F-D6D5618B93BA}.AppStore|iPhone.ActiveCfg = Debug|Any CPU
		{2B5E3755-CAFD-41FD-828F-D6D5618B93BA}.AppStore|iPhone.Build.0 = Debug|Any CPU
		{2B5E3755-CAFD-41FD-828F-D6D5618B93BA}.AppStore|iPhone.Deploy.0 = Debug|Any CPU
		{2B5E3755-CAFD-41FD-828F-D6D5618B93BA}.AppStore|iPhoneSimulator.ActiveCfg = Debug|Any CPU
		{2B5E3755-CAFD-41FD-828F-D6D5618B93BA}.AppStore|iPhoneSimulator.Build.0 = Debug|Any CPU
		{2B5E3755-CAFD-41FD-828F-D6D5618B93BA}.AppStore|iPhoneSimulator.Deploy.0 = Debug|Any CPU
		{2B5E3755-CAFD-41FD-828F-D6D5618B93BA}.Debug|Any CPU.ActiveCfg = Debug|Any CPU
		{2B5E3755-CAFD-41FD-828F-D6D5618B93BA}.Debug|Any CPU.Build.0 = Debug|Any CPU
		{2B5E3755-CAFD-41FD-828F-D6D5618B93BA}.Debug|Any CPU.Deploy.0 = Debug|Any CPU
		{2B5E3755-CAFD-41FD-828F-D6D5618B93BA}.Debug|iPhone.ActiveCfg = Debug|Any CPU
		{2B5E3755-CAFD-41FD-828F-D6D5618B93BA}.Debug|iPhone.Build.0 = Debug|Any CPU
		{2B5E3755-CAFD-41FD-828F-D6D5618B93BA}.Debug|iPhone.Deploy.0 = Debug|Any CPU
		{2B5E3755-CAFD-41FD-828F-D6D5618B93BA}.Debug|iPhoneSimulator.ActiveCfg = Debug|Any CPU
		{2B5E3755-CAFD-41FD-828F-D6D5618B93BA}.Debug|iPhoneSimulator.Build.0 = Debug|Any CPU
		{2B5E3755-CAFD-41FD-828F-D6D5618B93BA}.Debug|iPhoneSimulator.Deploy.0 = Debug|Any CPU
		{2B5E3755-CAFD-41FD-828F-D6D5618B93BA}.Release|Any CPU.ActiveCfg = Release|Any CPU
		{2B5E3755-CAFD-41FD-828F-D6D5618B93BA}.Release|Any CPU.Build.0 = Release|Any CPU
		{2B5E3755-CAFD-41FD-828F-D6D5618B93BA}.Release|Any CPU.Deploy.0 = Release|Any CPU
		{2B5E3755-CAFD-41FD-828F-D6D5618B93BA}.Release|iPhone.ActiveCfg = Release|Any CPU
		{2B5E3755-CAFD-41FD-828F-D6D5618B93BA}.Release|iPhone.Build.0 = Release|Any CPU
		{2B5E3755-CAFD-41FD-828F-D6D5618B93BA}.Release|iPhone.Deploy.0 = Release|Any CPU
		{2B5E3755-CAFD-41FD-828F-D6D5618B93BA}.Release|iPhoneSimulator.ActiveCfg = Release|Any CPU
		{2B5E3755-CAFD-41FD-828F-D6D5618B93BA}.Release|iPhoneSimulator.Build.0 = Release|Any CPU
		{2B5E3755-CAFD-41FD-828F-D6D5618B93BA}.Release|iPhoneSimulator.Deploy.0 = Release|Any CPU
		{F5966BC5-1289-4E94-8B11-AF178E0F7FCC}.Ad-Hoc|Any CPU.ActiveCfg = Release|Any CPU
		{F5966BC5-1289-4E94-8B11-AF178E0F7FCC}.Ad-Hoc|Any CPU.Build.0 = Release|Any CPU
		{F5966BC5-1289-4E94-8B11-AF178E0F7FCC}.Ad-Hoc|iPhone.ActiveCfg = Release|Any CPU
		{F5966BC5-1289-4E94-8B11-AF178E0F7FCC}.Ad-Hoc|iPhone.Build.0 = Release|Any CPU
		{F5966BC5-1289-4E94-8B11-AF178E0F7FCC}.Ad-Hoc|iPhoneSimulator.ActiveCfg = Release|Any CPU
		{F5966BC5-1289-4E94-8B11-AF178E0F7FCC}.Ad-Hoc|iPhoneSimulator.Build.0 = Release|Any CPU
		{F5966BC5-1289-4E94-8B11-AF178E0F7FCC}.AppStore|Any CPU.ActiveCfg = Release|Any CPU
		{F5966BC5-1289-4E94-8B11-AF178E0F7FCC}.AppStore|Any CPU.Build.0 = Release|Any CPU
		{F5966BC5-1289-4E94-8B11-AF178E0F7FCC}.AppStore|iPhone.ActiveCfg = Release|Any CPU
		{F5966BC5-1289-4E94-8B11-AF178E0F7FCC}.AppStore|iPhone.Build.0 = Release|Any CPU
		{F5966BC5-1289-4E94-8B11-AF178E0F7FCC}.AppStore|iPhoneSimulator.ActiveCfg = Release|Any CPU
		{F5966BC5-1289-4E94-8B11-AF178E0F7FCC}.AppStore|iPhoneSimulator.Build.0 = Release|Any CPU
		{F5966BC5-1289-4E94-8B11-AF178E0F7FCC}.Debug|Any CPU.ActiveCfg = Debug|Any CPU
		{F5966BC5-1289-4E94-8B11-AF178E0F7FCC}.Debug|Any CPU.Build.0 = Debug|Any CPU
		{F5966BC5-1289-4E94-8B11-AF178E0F7FCC}.Debug|iPhone.ActiveCfg = Debug|Any CPU
		{F5966BC5-1289-4E94-8B11-AF178E0F7FCC}.Debug|iPhone.Build.0 = Debug|Any CPU
		{F5966BC5-1289-4E94-8B11-AF178E0F7FCC}.Debug|iPhoneSimulator.ActiveCfg = Debug|Any CPU
		{F5966BC5-1289-4E94-8B11-AF178E0F7FCC}.Debug|iPhoneSimulator.Build.0 = Debug|Any CPU
		{F5966BC5-1289-4E94-8B11-AF178E0F7FCC}.Release|Any CPU.ActiveCfg = Release|Any CPU
		{F5966BC5-1289-4E94-8B11-AF178E0F7FCC}.Release|Any CPU.Build.0 = Release|Any CPU
		{F5966BC5-1289-4E94-8B11-AF178E0F7FCC}.Release|iPhone.ActiveCfg = Release|Any CPU
		{F5966BC5-1289-4E94-8B11-AF178E0F7FCC}.Release|iPhone.Build.0 = Release|Any CPU
		{F5966BC5-1289-4E94-8B11-AF178E0F7FCC}.Release|iPhoneSimulator.ActiveCfg = Release|Any CPU
		{F5966BC5-1289-4E94-8B11-AF178E0F7FCC}.Release|iPhoneSimulator.Build.0 = Release|Any CPU
		{AFD0EC8C-2BC9-491D-8EE5-08D60AC8CB3A}.Ad-Hoc|Any CPU.ActiveCfg = Release|Any CPU
		{AFD0EC8C-2BC9-491D-8EE5-08D60AC8CB3A}.Ad-Hoc|Any CPU.Build.0 = Release|Any CPU
		{AFD0EC8C-2BC9-491D-8EE5-08D60AC8CB3A}.Ad-Hoc|iPhone.ActiveCfg = Release|Any CPU
		{AFD0EC8C-2BC9-491D-8EE5-08D60AC8CB3A}.Ad-Hoc|iPhone.Build.0 = Release|Any CPU
		{AFD0EC8C-2BC9-491D-8EE5-08D60AC8CB3A}.Ad-Hoc|iPhoneSimulator.ActiveCfg = Release|Any CPU
		{AFD0EC8C-2BC9-491D-8EE5-08D60AC8CB3A}.Ad-Hoc|iPhoneSimulator.Build.0 = Release|Any CPU
		{AFD0EC8C-2BC9-491D-8EE5-08D60AC8CB3A}.AppStore|Any CPU.ActiveCfg = Release|Any CPU
		{AFD0EC8C-2BC9-491D-8EE5-08D60AC8CB3A}.AppStore|Any CPU.Build.0 = Release|Any CPU
		{AFD0EC8C-2BC9-491D-8EE5-08D60AC8CB3A}.AppStore|iPhone.ActiveCfg = Release|Any CPU
		{AFD0EC8C-2BC9-491D-8EE5-08D60AC8CB3A}.AppStore|iPhone.Build.0 = Release|Any CPU
		{AFD0EC8C-2BC9-491D-8EE5-08D60AC8CB3A}.AppStore|iPhoneSimulator.ActiveCfg = Release|Any CPU
		{AFD0EC8C-2BC9-491D-8EE5-08D60AC8CB3A}.AppStore|iPhoneSimulator.Build.0 = Release|Any CPU
		{AFD0EC8C-2BC9-491D-8EE5-08D60AC8CB3A}.Debug|Any CPU.ActiveCfg = Debug|Any CPU
		{AFD0EC8C-2BC9-491D-8EE5-08D60AC8CB3A}.Debug|Any CPU.Build.0 = Debug|Any CPU
		{AFD0EC8C-2BC9-491D-8EE5-08D60AC8CB3A}.Debug|iPhone.ActiveCfg = Debug|Any CPU
		{AFD0EC8C-2BC9-491D-8EE5-08D60AC8CB3A}.Debug|iPhone.Build.0 = Debug|Any CPU
		{AFD0EC8C-2BC9-491D-8EE5-08D60AC8CB3A}.Debug|iPhoneSimulator.ActiveCfg = Debug|Any CPU
		{AFD0EC8C-2BC9-491D-8EE5-08D60AC8CB3A}.Debug|iPhoneSimulator.Build.0 = Debug|Any CPU
		{AFD0EC8C-2BC9-491D-8EE5-08D60AC8CB3A}.Release|Any CPU.ActiveCfg = Release|Any CPU
		{AFD0EC8C-2BC9-491D-8EE5-08D60AC8CB3A}.Release|Any CPU.Build.0 = Release|Any CPU
		{AFD0EC8C-2BC9-491D-8EE5-08D60AC8CB3A}.Release|iPhone.ActiveCfg = Release|Any CPU
		{AFD0EC8C-2BC9-491D-8EE5-08D60AC8CB3A}.Release|iPhone.Build.0 = Release|Any CPU
		{AFD0EC8C-2BC9-491D-8EE5-08D60AC8CB3A}.Release|iPhoneSimulator.ActiveCfg = Release|Any CPU
		{AFD0EC8C-2BC9-491D-8EE5-08D60AC8CB3A}.Release|iPhoneSimulator.Build.0 = Release|Any CPU
		{F26E2F81-CCEE-40FD-807B-30A82159A1A0}.Ad-Hoc|Any CPU.ActiveCfg = Release|Any CPU
		{F26E2F81-CCEE-40FD-807B-30A82159A1A0}.Ad-Hoc|Any CPU.Build.0 = Release|Any CPU
		{F26E2F81-CCEE-40FD-807B-30A82159A1A0}.Ad-Hoc|iPhone.ActiveCfg = Release|Any CPU
		{F26E2F81-CCEE-40FD-807B-30A82159A1A0}.Ad-Hoc|iPhone.Build.0 = Release|Any CPU
		{F26E2F81-CCEE-40FD-807B-30A82159A1A0}.Ad-Hoc|iPhoneSimulator.ActiveCfg = Release|Any CPU
		{F26E2F81-CCEE-40FD-807B-30A82159A1A0}.Ad-Hoc|iPhoneSimulator.Build.0 = Release|Any CPU
		{F26E2F81-CCEE-40FD-807B-30A82159A1A0}.AppStore|Any CPU.ActiveCfg = Release|Any CPU
		{F26E2F81-CCEE-40FD-807B-30A82159A1A0}.AppStore|Any CPU.Build.0 = Release|Any CPU
		{F26E2F81-CCEE-40FD-807B-30A82159A1A0}.AppStore|iPhone.ActiveCfg = Release|Any CPU
		{F26E2F81-CCEE-40FD-807B-30A82159A1A0}.AppStore|iPhone.Build.0 = Release|Any CPU
		{F26E2F81-CCEE-40FD-807B-30A82159A1A0}.AppStore|iPhoneSimulator.ActiveCfg = Release|Any CPU
		{F26E2F81-CCEE-40FD-807B-30A82159A1A0}.AppStore|iPhoneSimulator.Build.0 = Release|Any CPU
		{F26E2F81-CCEE-40FD-807B-30A82159A1A0}.Debug|Any CPU.ActiveCfg = Debug|Any CPU
		{F26E2F81-CCEE-40FD-807B-30A82159A1A0}.Debug|Any CPU.Build.0 = Debug|Any CPU
		{F26E2F81-CCEE-40FD-807B-30A82159A1A0}.Debug|iPhone.ActiveCfg = Debug|Any CPU
		{F26E2F81-CCEE-40FD-807B-30A82159A1A0}.Debug|iPhone.Build.0 = Debug|Any CPU
		{F26E2F81-CCEE-40FD-807B-30A82159A1A0}.Debug|iPhoneSimulator.ActiveCfg = Debug|Any CPU
		{F26E2F81-CCEE-40FD-807B-30A82159A1A0}.Debug|iPhoneSimulator.Build.0 = Debug|Any CPU
		{F26E2F81-CCEE-40FD-807B-30A82159A1A0}.Release|Any CPU.ActiveCfg = Release|Any CPU
		{F26E2F81-CCEE-40FD-807B-30A82159A1A0}.Release|Any CPU.Build.0 = Release|Any CPU
		{F26E2F81-CCEE-40FD-807B-30A82159A1A0}.Release|iPhone.ActiveCfg = Release|Any CPU
		{F26E2F81-CCEE-40FD-807B-30A82159A1A0}.Release|iPhone.Build.0 = Release|Any CPU
		{F26E2F81-CCEE-40FD-807B-30A82159A1A0}.Release|iPhoneSimulator.ActiveCfg = Release|Any CPU
		{F26E2F81-CCEE-40FD-807B-30A82159A1A0}.Release|iPhoneSimulator.Build.0 = Release|Any CPU
		{F82A9BD9-0040-4709-8CBD-0283F7914737}.Ad-Hoc|Any CPU.ActiveCfg = Release|Any CPU
		{F82A9BD9-0040-4709-8CBD-0283F7914737}.Ad-Hoc|Any CPU.Build.0 = Release|Any CPU
		{F82A9BD9-0040-4709-8CBD-0283F7914737}.Ad-Hoc|iPhone.ActiveCfg = Release|Any CPU
		{F82A9BD9-0040-4709-8CBD-0283F7914737}.Ad-Hoc|iPhone.Build.0 = Release|Any CPU
		{F82A9BD9-0040-4709-8CBD-0283F7914737}.Ad-Hoc|iPhoneSimulator.ActiveCfg = Release|Any CPU
		{F82A9BD9-0040-4709-8CBD-0283F7914737}.Ad-Hoc|iPhoneSimulator.Build.0 = Release|Any CPU
		{F82A9BD9-0040-4709-8CBD-0283F7914737}.AppStore|Any CPU.ActiveCfg = Release|Any CPU
		{F82A9BD9-0040-4709-8CBD-0283F7914737}.AppStore|Any CPU.Build.0 = Release|Any CPU
		{F82A9BD9-0040-4709-8CBD-0283F7914737}.AppStore|iPhone.ActiveCfg = Release|Any CPU
		{F82A9BD9-0040-4709-8CBD-0283F7914737}.AppStore|iPhone.Build.0 = Release|Any CPU
		{F82A9BD9-0040-4709-8CBD-0283F7914737}.AppStore|iPhoneSimulator.ActiveCfg = Release|Any CPU
		{F82A9BD9-0040-4709-8CBD-0283F7914737}.AppStore|iPhoneSimulator.Build.0 = Release|Any CPU
		{F82A9BD9-0040-4709-8CBD-0283F7914737}.Debug|Any CPU.ActiveCfg = Debug|Any CPU
		{F82A9BD9-0040-4709-8CBD-0283F7914737}.Debug|Any CPU.Build.0 = Debug|Any CPU
		{F82A9BD9-0040-4709-8CBD-0283F7914737}.Debug|iPhone.ActiveCfg = Debug|Any CPU
		{F82A9BD9-0040-4709-8CBD-0283F7914737}.Debug|iPhone.Build.0 = Debug|Any CPU
		{F82A9BD9-0040-4709-8CBD-0283F7914737}.Debug|iPhoneSimulator.ActiveCfg = Debug|Any CPU
		{F82A9BD9-0040-4709-8CBD-0283F7914737}.Debug|iPhoneSimulator.Build.0 = Debug|Any CPU
		{F82A9BD9-0040-4709-8CBD-0283F7914737}.Release|Any CPU.ActiveCfg = Release|Any CPU
		{F82A9BD9-0040-4709-8CBD-0283F7914737}.Release|Any CPU.Build.0 = Release|Any CPU
		{F82A9BD9-0040-4709-8CBD-0283F7914737}.Release|iPhone.ActiveCfg = Release|Any CPU
		{F82A9BD9-0040-4709-8CBD-0283F7914737}.Release|iPhone.Build.0 = Release|Any CPU
		{F82A9BD9-0040-4709-8CBD-0283F7914737}.Release|iPhoneSimulator.ActiveCfg = Release|Any CPU
		{F82A9BD9-0040-4709-8CBD-0283F7914737}.Release|iPhoneSimulator.Build.0 = Release|Any CPU
	EndGlobalSection
	GlobalSection(SolutionProperties) = preSolution
		HideSolutionNode = FALSE
	EndGlobalSection
	GlobalSection(ExtensibilityGlobals) = postSolution
		SolutionGuid = {C4CD78A5-8F0D-40C1-9E34-EB0C0D0C5084}
	EndGlobalSection
EndGlobal
